
Microsoft Visual Studio Solution File, Format Version 12.00
# Visual Studio Version 16
VisualStudioVersion = 16.0.28803.156
MinimumVisualStudioVersion = 10.0.40219.1
Project("{888888A0-9F3D-457C-B088-3A5042F75D52}") = "BackTest", "BackTest.pyproj", "{21F4BC0F-B79C-47B2-A53A-DF9331F5F44F}"
EndProject
Global
	GlobalSection(SolutionConfigurationPlatforms) = preSolution
		Debug|Any CPU = Debug|Any CPU
		Release|Any CPU = Release|Any CPU
	EndGlobalSection
	GlobalSection(ProjectConfigurationPlatforms) = postSolution
		{21F4BC0F-B79C-47B2-A53A-DF9331F5F44F}.Debug|Any CPU.ActiveCfg = Debug|Any CPU
		{21F4BC0F-B79C-47B2-A53A-DF9331F5F44F}.Release|Any CPU.ActiveCfg = Release|Any CPU
	EndGlobalSection
	GlobalSection(SolutionProperties) = preSolution
		HideSolutionNode = FALSE
	EndGlobalSection
	GlobalSection(ExtensibilityGlobals) = postSolution
		SolutionGuid = {3F620E14-A299-4434-B454-71202016B32D}
	EndGlobalSection
EndGlobal
